// !$*UTF8*$!
{
	archiveVersion = 1;
	classes = {
	};
	objectVersion = 55;
	objects = {

/* Begin PBXBuildFile section */
		8A356865613195608D78180D /* Pods_LineageM2Exchange_LineageM2ExchangeUITests.framework in Frameworks */ = {isa = PBXBuildFile; fileRef = D194DFE62C4BBB94DC28D911 /* Pods_LineageM2Exchange_LineageM2ExchangeUITests.framework */; };
		BA177C6F2979907600988613 /* MainItemSearchView.swift in Sources */ = {isa = PBXBuildFile; fileRef = BA177C6E2979907600988613 /* MainItemSearchView.swift */; };
		BA177C752979B24800988613 /* WebViewViewModel.swift in Sources */ = {isa = PBXBuildFile; fileRef = BA177C732979B24800988613 /* WebViewViewModel.swift */; };
		BA177C762979B24800988613 /* WebView.swift in Sources */ = {isa = PBXBuildFile; fileRef = BA177C742979B24800988613 /* WebView.swift */; };
		BA177C792979C89500988613 /* MainBookMarkView.swift in Sources */ = {isa = PBXBuildFile; fileRef = BA177C782979C89500988613 /* MainBookMarkView.swift */; };
		BA177C7B2979DEB500988613 /* SearchItemAPI(withEnchantLevel).swift in Sources */ = {isa = PBXBuildFile; fileRef = BA177C7A2979DEB500988613 /* SearchItemAPI(withEnchantLevel).swift */; };
		BA177C7D2979E47D00988613 /* BookmarkCellView.swift in Sources */ = {isa = PBXBuildFile; fileRef = BA177C7C2979E47D00988613 /* BookmarkCellView.swift */; };
		BA379D5A295ED27900FC1F28 /* LineageM2ExchangeApp.swift in Sources */ = {isa = PBXBuildFile; fileRef = BA379D59295ED27900FC1F28 /* LineageM2ExchangeApp.swift */; };
		BA379D5C295ED27900FC1F28 /* MainView.swift in Sources */ = {isa = PBXBuildFile; fileRef = BA379D5B295ED27900FC1F28 /* MainView.swift */; };
		BA379D5E295ED27A00FC1F28 /* Assets.xcassets in Resources */ = {isa = PBXBuildFile; fileRef = BA379D5D295ED27A00FC1F28 /* Assets.xcassets */; };
		BA379D61295ED27A00FC1F28 /* Preview Assets.xcassets in Resources */ = {isa = PBXBuildFile; fileRef = BA379D60295ED27A00FC1F28 /* Preview Assets.xcassets */; };
		BA379D63295ED27A00FC1F28 /* Persistence.swift in Sources */ = {isa = PBXBuildFile; fileRef = BA379D62295ED27A00FC1F28 /* Persistence.swift */; };
		BA379D66295ED27A00FC1F28 /* LineageM2Exchange.xcdatamodeld in Sources */ = {isa = PBXBuildFile; fileRef = BA379D64295ED27A00FC1F28 /* LineageM2Exchange.xcdatamodeld */; };
		BA379D70295ED27A00FC1F28 /* LineageM2ExchangeTests.swift in Sources */ = {isa = PBXBuildFile; fileRef = BA379D6F295ED27A00FC1F28 /* LineageM2ExchangeTests.swift */; };
		BA379D7A295ED27A00FC1F28 /* LineageM2ExchangeUITests.swift in Sources */ = {isa = PBXBuildFile; fileRef = BA379D79295ED27A00FC1F28 /* LineageM2ExchangeUITests.swift */; };
		BA379D7C295ED27A00FC1F28 /* LineageM2ExchangeUITestsLaunchTests.swift in Sources */ = {isa = PBXBuildFile; fileRef = BA379D7B295ED27A00FC1F28 /* LineageM2ExchangeUITestsLaunchTests.swift */; };
		BA379D89295ED47400FC1F28 /* AppData.swift in Sources */ = {isa = PBXBuildFile; fileRef = BA379D88295ED47400FC1F28 /* AppData.swift */; };
		BA379D8C295ED47F00FC1F28 /* ColorExtension.swift in Sources */ = {isa = PBXBuildFile; fileRef = BA379D8B295ED47F00FC1F28 /* ColorExtension.swift */; };
		BA379D93295ED48A00FC1F28 /* SearchItemInfoAPI.swift in Sources */ = {isa = PBXBuildFile; fileRef = BA379D8E295ED48A00FC1F28 /* SearchItemInfoAPI.swift */; };
		BA379D94295ED48A00FC1F28 /* SearchServerAPI.swift in Sources */ = {isa = PBXBuildFile; fileRef = BA379D8F295ED48A00FC1F28 /* SearchServerAPI.swift */; };
		BA379D95295ED48A00FC1F28 /* SearchItemAPI.swift in Sources */ = {isa = PBXBuildFile; fileRef = BA379D90295ED48A00FC1F28 /* SearchItemAPI.swift */; };
		BA379D96295ED48A00FC1F28 /* SearchServerItemValueStatisticsAPI.swift in Sources */ = {isa = PBXBuildFile; fileRef = BA379D91295ED48A00FC1F28 /* SearchServerItemValueStatisticsAPI.swift */; };
		BA379D97295ED48A00FC1F28 /* SearchWorldItemValueStatisticsAPI.swift in Sources */ = {isa = PBXBuildFile; fileRef = BA379D92295ED48A00FC1F28 /* SearchWorldItemValueStatisticsAPI.swift */; };
		BA379D9E295ED49900FC1F28 /* WorldItemStaticsView.swift in Sources */ = {isa = PBXBuildFile; fileRef = BA379D98295ED49900FC1F28 /* WorldItemStaticsView.swift */; };
		BA379D9F295ED49900FC1F28 /* ItemView.swift in Sources */ = {isa = PBXBuildFile; fileRef = BA379D99295ED49900FC1F28 /* ItemView.swift */; };
		BA379DA0295ED49900FC1F28 /* SearchTextBoxView.swift in Sources */ = {isa = PBXBuildFile; fileRef = BA379D9A295ED49900FC1F28 /* SearchTextBoxView.swift */; };
		BA379DA1295ED49900FC1F28 /* ServerItemStaticsView.swift in Sources */ = {isa = PBXBuildFile; fileRef = BA379D9B295ED49900FC1F28 /* ServerItemStaticsView.swift */; };
		BA379DA2295ED49900FC1F28 /* SearchItemView.swift in Sources */ = {isa = PBXBuildFile; fileRef = BA379D9C295ED49900FC1F28 /* SearchItemView.swift */; };
		BA379DA3295ED49900FC1F28 /* SearchView.swift in Sources */ = {isa = PBXBuildFile; fileRef = BA379D9D295ED49900FC1F28 /* SearchView.swift */; };
		BA379DA6295ED56E00FC1F28 /* AdmobBanner.swift in Sources */ = {isa = PBXBuildFile; fileRef = BA379DA5295ED56E00FC1F28 /* AdmobBanner.swift */; };
		BA379DAD295F1A1700FC1F28 /* NetWorkCheck.swift in Sources */ = {isa = PBXBuildFile; fileRef = BA379DAC295F1A1700FC1F28 /* NetWorkCheck.swift */; };
		BA379DAF295F1BE700FC1F28 /* DisconnectedNetWorkView.swift in Sources */ = {isa = PBXBuildFile; fileRef = BA379DAE295F1BE700FC1F28 /* DisconnectedNetWorkView.swift */; };
		BA7944A229700F1600D8B8CA /* AppDelegate.swift in Sources */ = {isa = PBXBuildFile; fileRef = BA7944A129700F1600D8B8CA /* AppDelegate.swift */; };
		BB5A0C0199AFDD2701271C24 /* Pods_LineageM2ExchangeTests.framework in Frameworks */ = {isa = PBXBuildFile; fileRef = 6076921EF2EAB17426378756 /* Pods_LineageM2ExchangeTests.framework */; };
		CA9B5E2A50563DAD0A54EA90 /* Pods_LineageM2Exchange.framework in Frameworks */ = {isa = PBXBuildFile; fileRef = 16697684FFE50CDD86935A3B /* Pods_LineageM2Exchange.framework */; };
/* End PBXBuildFile section */

/* Begin PBXContainerItemProxy section */
		BA379D6C295ED27A00FC1F28 /* PBXContainerItemProxy */ = {
			isa = PBXContainerItemProxy;
			containerPortal = BA379D4E295ED27900FC1F28 /* Project object */;
			proxyType = 1;
			remoteGlobalIDString = BA379D55295ED27900FC1F28;
			remoteInfo = LineageM2Exchange;
		};
		BA379D76295ED27A00FC1F28 /* PBXContainerItemProxy */ = {
			isa = PBXContainerItemProxy;
			containerPortal = BA379D4E295ED27900FC1F28 /* Project object */;
			proxyType = 1;
			remoteGlobalIDString = BA379D55295ED27900FC1F28;
			remoteInfo = LineageM2Exchange;
		};
/* End PBXContainerItemProxy section */

/* Begin PBXFileReference section */
		16697684FFE50CDD86935A3B /* Pods_LineageM2Exchange.framework */ = {isa = PBXFileReference; explicitFileType = wrapper.framework; includeInIndex = 0; path = Pods_LineageM2Exchange.framework; sourceTree = BUILT_PRODUCTS_DIR; };
		36E33454851580D8861F593E /* Pods-LineageM2Exchange.release.xcconfig */ = {isa = PBXFileReference; includeInIndex = 1; lastKnownFileType = text.xcconfig; name = "Pods-LineageM2Exchange.release.xcconfig"; path = "Target Support Files/Pods-LineageM2Exchange/Pods-LineageM2Exchange.release.xcconfig"; sourceTree = "<group>"; };
		5E1A23A050C7F0D07DF1B185 /* Pods-LineageM2Exchange-LineageM2ExchangeUITests.release.xcconfig */ = {isa = PBXFileReference; includeInIndex = 1; lastKnownFileType = text.xcconfig; name = "Pods-LineageM2Exchange-LineageM2ExchangeUITests.release.xcconfig"; path = "Target Support Files/Pods-LineageM2Exchange-LineageM2ExchangeUITests/Pods-LineageM2Exchange-LineageM2ExchangeUITests.release.xcconfig"; sourceTree = "<group>"; };
		6076921EF2EAB17426378756 /* Pods_LineageM2ExchangeTests.framework */ = {isa = PBXFileReference; explicitFileType = wrapper.framework; includeInIndex = 0; path = Pods_LineageM2ExchangeTests.framework; sourceTree = BUILT_PRODUCTS_DIR; };
		668B45C4F792B61C6111D879 /* Pods-LineageM2ExchangeTests.debug.xcconfig */ = {isa = PBXFileReference; includeInIndex = 1; lastKnownFileType = text.xcconfig; name = "Pods-LineageM2ExchangeTests.debug.xcconfig"; path = "Target Support Files/Pods-LineageM2ExchangeTests/Pods-LineageM2ExchangeTests.debug.xcconfig"; sourceTree = "<group>"; };
		ADB222CEFA57D6143F82E0C8 /* Pods-LineageM2Exchange.debug.xcconfig */ = {isa = PBXFileReference; includeInIndex = 1; lastKnownFileType = text.xcconfig; name = "Pods-LineageM2Exchange.debug.xcconfig"; path = "Target Support Files/Pods-LineageM2Exchange/Pods-LineageM2Exchange.debug.xcconfig"; sourceTree = "<group>"; };
		BA177C6E2979907600988613 /* MainItemSearchView.swift */ = {isa = PBXFileReference; lastKnownFileType = sourcecode.swift; path = MainItemSearchView.swift; sourceTree = "<group>"; };
		BA177C732979B24800988613 /* WebViewViewModel.swift */ = {isa = PBXFileReference; fileEncoding = 4; lastKnownFileType = sourcecode.swift; name = WebViewViewModel.swift; path = ../../../LostArkExchange/LostArkExchange/WebView/WebViewViewModel.swift; sourceTree = "<group>"; };
		BA177C742979B24800988613 /* WebView.swift */ = {isa = PBXFileReference; fileEncoding = 4; lastKnownFileType = sourcecode.swift; name = WebView.swift; path = ../../../LostArkExchange/LostArkExchange/WebView/WebView.swift; sourceTree = "<group>"; };
		BA177C782979C89500988613 /* MainBookMarkView.swift */ = {isa = PBXFileReference; lastKnownFileType = sourcecode.swift; path = MainBookMarkView.swift; sourceTree = "<group>"; };
		BA177C7A2979DEB500988613 /* SearchItemAPI(withEnchantLevel).swift */ = {isa = PBXFileReference; lastKnownFileType = sourcecode.swift; path = "SearchItemAPI(withEnchantLevel).swift"; sourceTree = "<group>"; };
		BA177C7C2979E47D00988613 /* BookmarkCellView.swift */ = {isa = PBXFileReference; lastKnownFileType = sourcecode.swift; path = BookmarkCellView.swift; sourceTree = "<group>"; };
		BA1DE74C2A11AA3900D823F4 /* Config.xcconfig */ = {isa = PBXFileReference; lastKnownFileType = text.xcconfig; path = Config.xcconfig; sourceTree = "<group>"; };
		BA379D56295ED27900FC1F28 /* LineageM2Exchange.app */ = {isa = PBXFileReference; explicitFileType = wrapper.application; includeInIndex = 0; path = LineageM2Exchange.app; sourceTree = BUILT_PRODUCTS_DIR; };
		BA379D59295ED27900FC1F28 /* LineageM2ExchangeApp.swift */ = {isa = PBXFileReference; lastKnownFileType = sourcecode.swift; path = LineageM2ExchangeApp.swift; sourceTree = "<group>"; };
		BA379D5B295ED27900FC1F28 /* MainView.swift */ = {isa = PBXFileReference; lastKnownFileType = sourcecode.swift; path = MainView.swift; sourceTree = "<group>"; };
		BA379D5D295ED27A00FC1F28 /* Assets.xcassets */ = {isa = PBXFileReference; lastKnownFileType = folder.assetcatalog; path = Assets.xcassets; sourceTree = "<group>"; };
		BA379D60295ED27A00FC1F28 /* Preview Assets.xcassets */ = {isa = PBXFileReference; lastKnownFileType = folder.assetcatalog; path = "Preview Assets.xcassets"; sourceTree = "<group>"; };
		BA379D62295ED27A00FC1F28 /* Persistence.swift */ = {isa = PBXFileReference; lastKnownFileType = sourcecode.swift; path = Persistence.swift; sourceTree = "<group>"; };
		BA379D65295ED27A00FC1F28 /* LineageM2Exchange.xcdatamodel */ = {isa = PBXFileReference; lastKnownFileType = wrapper.xcdatamodel; path = LineageM2Exchange.xcdatamodel; sourceTree = "<group>"; };
		BA379D6B295ED27A00FC1F28 /* LineageM2ExchangeTests.xctest */ = {isa = PBXFileReference; explicitFileType = wrapper.cfbundle; includeInIndex = 0; path = LineageM2ExchangeTests.xctest; sourceTree = BUILT_PRODUCTS_DIR; };
		BA379D6F295ED27A00FC1F28 /* LineageM2ExchangeTests.swift */ = {isa = PBXFileReference; lastKnownFileType = sourcecode.swift; path = LineageM2ExchangeTests.swift; sourceTree = "<group>"; };
		BA379D75295ED27A00FC1F28 /* LineageM2ExchangeUITests.xctest */ = {isa = PBXFileReference; explicitFileType = wrapper.cfbundle; includeInIndex = 0; path = LineageM2ExchangeUITests.xctest; sourceTree = BUILT_PRODUCTS_DIR; };
		BA379D79295ED27A00FC1F28 /* LineageM2ExchangeUITests.swift */ = {isa = PBXFileReference; lastKnownFileType = sourcecode.swift; path = LineageM2ExchangeUITests.swift; sourceTree = "<group>"; };
		BA379D7B295ED27A00FC1F28 /* LineageM2ExchangeUITestsLaunchTests.swift */ = {isa = PBXFileReference; lastKnownFileType = sourcecode.swift; path = LineageM2ExchangeUITestsLaunchTests.swift; sourceTree = "<group>"; };
		BA379D88295ED47400FC1F28 /* AppData.swift */ = {isa = PBXFileReference; fileEncoding = 4; lastKnownFileType = sourcecode.swift; path = AppData.swift; sourceTree = "<group>"; };
		BA379D8B295ED47F00FC1F28 /* ColorExtension.swift */ = {isa = PBXFileReference; fileEncoding = 4; lastKnownFileType = sourcecode.swift; path = ColorExtension.swift; sourceTree = "<group>"; };
		BA379D8E295ED48A00FC1F28 /* SearchItemInfoAPI.swift */ = {isa = PBXFileReference; fileEncoding = 4; lastKnownFileType = sourcecode.swift; path = SearchItemInfoAPI.swift; sourceTree = "<group>"; };
		BA379D8F295ED48A00FC1F28 /* SearchServerAPI.swift */ = {isa = PBXFileReference; fileEncoding = 4; lastKnownFileType = sourcecode.swift; path = SearchServerAPI.swift; sourceTree = "<group>"; };
		BA379D90295ED48A00FC1F28 /* SearchItemAPI.swift */ = {isa = PBXFileReference; fileEncoding = 4; lastKnownFileType = sourcecode.swift; path = SearchItemAPI.swift; sourceTree = "<group>"; };
		BA379D91295ED48A00FC1F28 /* SearchServerItemValueStatisticsAPI.swift */ = {isa = PBXFileReference; fileEncoding = 4; lastKnownFileType = sourcecode.swift; path = SearchServerItemValueStatisticsAPI.swift; sourceTree = "<group>"; };
		BA379D92295ED48A00FC1F28 /* SearchWorldItemValueStatisticsAPI.swift */ = {isa = PBXFileReference; fileEncoding = 4; lastKnownFileType = sourcecode.swift; path = SearchWorldItemValueStatisticsAPI.swift; sourceTree = "<group>"; };
		BA379D98295ED49900FC1F28 /* WorldItemStaticsView.swift */ = {isa = PBXFileReference; fileEncoding = 4; lastKnownFileType = sourcecode.swift; path = WorldItemStaticsView.swift; sourceTree = "<group>"; };
		BA379D99295ED49900FC1F28 /* ItemView.swift */ = {isa = PBXFileReference; fileEncoding = 4; lastKnownFileType = sourcecode.swift; path = ItemView.swift; sourceTree = "<group>"; };
		BA379D9A295ED49900FC1F28 /* SearchTextBoxView.swift */ = {isa = PBXFileReference; fileEncoding = 4; lastKnownFileType = sourcecode.swift; path = SearchTextBoxView.swift; sourceTree = "<group>"; };
		BA379D9B295ED49900FC1F28 /* ServerItemStaticsView.swift */ = {isa = PBXFileReference; fileEncoding = 4; lastKnownFileType = sourcecode.swift; path = ServerItemStaticsView.swift; sourceTree = "<group>"; };
		BA379D9C295ED49900FC1F28 /* SearchItemView.swift */ = {isa = PBXFileReference; fileEncoding = 4; lastKnownFileType = sourcecode.swift; path = SearchItemView.swift; sourceTree = "<group>"; };
		BA379D9D295ED49900FC1F28 /* SearchView.swift */ = {isa = PBXFileReference; fileEncoding = 4; lastKnownFileType = sourcecode.swift; path = SearchView.swift; sourceTree = "<group>"; };
		BA379DA5295ED56E00FC1F28 /* AdmobBanner.swift */ = {isa = PBXFileReference; fileEncoding = 4; lastKnownFileType = sourcecode.swift; path = AdmobBanner.swift; sourceTree = "<group>"; };
		BA379DA7295ED5A800FC1F28 /* Info.plist */ = {isa = PBXFileReference; lastKnownFileType = text.plist; path = Info.plist; sourceTree = "<group>"; };
		BA379DAC295F1A1700FC1F28 /* NetWorkCheck.swift */ = {isa = PBXFileReference; lastKnownFileType = sourcecode.swift; path = NetWorkCheck.swift; sourceTree = "<group>"; };
		BA379DAE295F1BE700FC1F28 /* DisconnectedNetWorkView.swift */ = {isa = PBXFileReference; lastKnownFileType = sourcecode.swift; path = DisconnectedNetWorkView.swift; sourceTree = "<group>"; };
		BA7944A129700F1600D8B8CA /* AppDelegate.swift */ = {isa = PBXFileReference; lastKnownFileType = sourcecode.swift; path = AppDelegate.swift; sourceTree = "<group>"; };
		D194DFE62C4BBB94DC28D911 /* Pods_LineageM2Exchange_LineageM2ExchangeUITests.framework */ = {isa = PBXFileReference; explicitFileType = wrapper.framework; includeInIndex = 0; path = Pods_LineageM2Exchange_LineageM2ExchangeUITests.framework; sourceTree = BUILT_PRODUCTS_DIR; };
		D54637F0CB4D9640B5F4237B /* Pods-LineageM2Exchange-LineageM2ExchangeUITests.debug.xcconfig */ = {isa = PBXFileReference; includeInIndex = 1; lastKnownFileType = text.xcconfig; name = "Pods-LineageM2Exchange-LineageM2ExchangeUITests.debug.xcconfig"; path = "Target Support Files/Pods-LineageM2Exchange-LineageM2ExchangeUITests/Pods-LineageM2Exchange-LineageM2ExchangeUITests.debug.xcconfig"; sourceTree = "<group>"; };
		FBD0946545701B5B93573C03 /* Pods-LineageM2ExchangeTests.release.xcconfig */ = {isa = PBXFileReference; includeInIndex = 1; lastKnownFileType = text.xcconfig; name = "Pods-LineageM2ExchangeTests.release.xcconfig"; path = "Target Support Files/Pods-LineageM2ExchangeTests/Pods-LineageM2ExchangeTests.release.xcconfig"; sourceTree = "<group>"; };
/* End PBXFileReference section */

/* Begin PBXFrameworksBuildPhase section */
		BA379D53295ED27900FC1F28 /* Frameworks */ = {
			isa = PBXFrameworksBuildPhase;
			buildActionMask = 2147483647;
			files = (
				CA9B5E2A50563DAD0A54EA90 /* Pods_LineageM2Exchange.framework in Frameworks */,
			);
			runOnlyForDeploymentPostprocessing = 0;
		};
		BA379D68295ED27A00FC1F28 /* Frameworks */ = {
			isa = PBXFrameworksBuildPhase;
			buildActionMask = 2147483647;
			files = (
				BB5A0C0199AFDD2701271C24 /* Pods_LineageM2ExchangeTests.framework in Frameworks */,
			);
			runOnlyForDeploymentPostprocessing = 0;
		};
		BA379D72295ED27A00FC1F28 /* Frameworks */ = {
			isa = PBXFrameworksBuildPhase;
			buildActionMask = 2147483647;
			files = (
				8A356865613195608D78180D /* Pods_LineageM2Exchange_LineageM2ExchangeUITests.framework in Frameworks */,
			);
			runOnlyForDeploymentPostprocessing = 0;
		};
/* End PBXFrameworksBuildPhase section */

/* Begin PBXGroup section */
		56C0724278451684EAC2C53F /* Frameworks */ = {
			isa = PBXGroup;
			children = (
				16697684FFE50CDD86935A3B /* Pods_LineageM2Exchange.framework */,
				D194DFE62C4BBB94DC28D911 /* Pods_LineageM2Exchange_LineageM2ExchangeUITests.framework */,
				6076921EF2EAB17426378756 /* Pods_LineageM2ExchangeTests.framework */,
			);
			name = Frameworks;
			sourceTree = "<group>";
		};
		BA177C6A2979902100988613 /* MainItemSearchView */ = {
			isa = PBXGroup;
			children = (
				BA379D9D295ED49900FC1F28 /* SearchView.swift */,
				BA177C6E2979907600988613 /* MainItemSearchView.swift */,
				BA379D9C295ED49900FC1F28 /* SearchItemView.swift */,
				BA379D99295ED49900FC1F28 /* ItemView.swift */,
			);
			name = MainItemSearchView;
			sourceTree = "<group>";
		};
		BA177C702979B20500988613 /* MapView */ = {
			isa = PBXGroup;
			children = (
				BA177C742979B24800988613 /* WebView.swift */,
				BA177C732979B24800988613 /* WebViewViewModel.swift */,
			);
			path = MapView;
			sourceTree = "<group>";
		};
		BA177C772979C87D00988613 /* BookMarkView */ = {
			isa = PBXGroup;
			children = (
				BA177C782979C89500988613 /* MainBookMarkView.swift */,
				BA177C7C2979E47D00988613 /* BookmarkCellView.swift */,
			);
			path = BookMarkView;
			sourceTree = "<group>";
		};
		BA379D4D295ED27900FC1F28 = {
			isa = PBXGroup;
			children = (
				BA1DE74C2A11AA3900D823F4 /* Config.xcconfig */,
				BA379D58295ED27900FC1F28 /* LineageM2Exchange */,
				BA379D6E295ED27A00FC1F28 /* LineageM2ExchangeTests */,
				BA379D78295ED27A00FC1F28 /* LineageM2ExchangeUITests */,
				BA379D57295ED27900FC1F28 /* Products */,
				C85EB49B61C15A700E948051 /* Pods */,
				56C0724278451684EAC2C53F /* Frameworks */,
			);
			sourceTree = "<group>";
		};
		BA379D57295ED27900FC1F28 /* Products */ = {
			isa = PBXGroup;
			children = (
				BA379D56295ED27900FC1F28 /* LineageM2Exchange.app */,
				BA379D6B295ED27A00FC1F28 /* LineageM2ExchangeTests.xctest */,
				BA379D75295ED27A00FC1F28 /* LineageM2ExchangeUITests.xctest */,
			);
			name = Products;
			sourceTree = "<group>";
		};
		BA379D58295ED27900FC1F28 /* LineageM2Exchange */ = {
			isa = PBXGroup;
			children = (
				BA177C772979C87D00988613 /* BookMarkView */,
				BA177C702979B20500988613 /* MapView */,
				BA379DAB295ED75600FC1F28 /* CoreDataModel */,
				BA379DA7295ED5A800FC1F28 /* Info.plist */,
				BA379D59295ED27900FC1F28 /* LineageM2ExchangeApp.swift */,
				BA379D88295ED47400FC1F28 /* AppData.swift */,
				BA7944A129700F1600D8B8CA /* AppDelegate.swift */,
				BA379DA4295ED56E00FC1F28 /* AdMob */,
				BA379D8D295ED48A00FC1F28 /* API */,
				BA379D8A295ED47F00FC1F28 /* Extension */,
				BA379D5B295ED27900FC1F28 /* MainView.swift */,
				BA177C6A2979902100988613 /* MainItemSearchView */,
				BA379DAE295F1BE700FC1F28 /* DisconnectedNetWorkView.swift */,
				BA379D9A295ED49900FC1F28 /* SearchTextBoxView.swift */,
				BA379DAC295F1A1700FC1F28 /* NetWorkCheck.swift */,
				BA379D9B295ED49900FC1F28 /* ServerItemStaticsView.swift */,
				BA379D98295ED49900FC1F28 /* WorldItemStaticsView.swift */,
				BA379D5D295ED27A00FC1F28 /* Assets.xcassets */,
				BA379D62295ED27A00FC1F28 /* Persistence.swift */,
				BA379D64295ED27A00FC1F28 /* LineageM2Exchange.xcdatamodeld */,
				BA379D5F295ED27A00FC1F28 /* Preview Content */,
			);
			path = LineageM2Exchange;
			sourceTree = "<group>";
		};
		BA379D5F295ED27A00FC1F28 /* Preview Content */ = {
			isa = PBXGroup;
			children = (
				BA379D60295ED27A00FC1F28 /* Preview Assets.xcassets */,
			);
			path = "Preview Content";
			sourceTree = "<group>";
		};
		BA379D6E295ED27A00FC1F28 /* LineageM2ExchangeTests */ = {
			isa = PBXGroup;
			children = (
				BA379D6F295ED27A00FC1F28 /* LineageM2ExchangeTests.swift */,
			);
			path = LineageM2ExchangeTests;
			sourceTree = "<group>";
		};
		BA379D78295ED27A00FC1F28 /* LineageM2ExchangeUITests */ = {
			isa = PBXGroup;
			children = (
				BA379D79295ED27A00FC1F28 /* LineageM2ExchangeUITests.swift */,
				BA379D7B295ED27A00FC1F28 /* LineageM2ExchangeUITestsLaunchTests.swift */,
			);
			path = LineageM2ExchangeUITests;
			sourceTree = "<group>";
		};
		BA379D8A295ED47F00FC1F28 /* Extension */ = {
			isa = PBXGroup;
			children = (
				BA379D8B295ED47F00FC1F28 /* ColorExtension.swift */,
			);
			path = Extension;
			sourceTree = "<group>";
		};
		BA379D8D295ED48A00FC1F28 /* API */ = {
			isa = PBXGroup;
			children = (
				BA379D8E295ED48A00FC1F28 /* SearchItemInfoAPI.swift */,
				BA379D8F295ED48A00FC1F28 /* SearchServerAPI.swift */,
				BA379D90295ED48A00FC1F28 /* SearchItemAPI.swift */,
				BA177C7A2979DEB500988613 /* SearchItemAPI(withEnchantLevel).swift */,
				BA379D91295ED48A00FC1F28 /* SearchServerItemValueStatisticsAPI.swift */,
				BA379D92295ED48A00FC1F28 /* SearchWorldItemValueStatisticsAPI.swift */,
			);
			path = API;
			sourceTree = "<group>";
		};
		BA379DA4295ED56E00FC1F28 /* AdMob */ = {
			isa = PBXGroup;
			children = (
				BA379DA5295ED56E00FC1F28 /* AdmobBanner.swift */,
			);
			path = AdMob;
			sourceTree = "<group>";
		};
		BA379DAB295ED75600FC1F28 /* CoreDataModel */ = {
			isa = PBXGroup;
			children = (
			);
			path = CoreDataModel;
			sourceTree = "<group>";
		};
		C85EB49B61C15A700E948051 /* Pods */ = {
			isa = PBXGroup;
			children = (
				ADB222CEFA57D6143F82E0C8 /* Pods-LineageM2Exchange.debug.xcconfig */,
				36E33454851580D8861F593E /* Pods-LineageM2Exchange.release.xcconfig */,
				D54637F0CB4D9640B5F4237B /* Pods-LineageM2Exchange-LineageM2ExchangeUITests.debug.xcconfig */,
				5E1A23A050C7F0D07DF1B185 /* Pods-LineageM2Exchange-LineageM2ExchangeUITests.release.xcconfig */,
				668B45C4F792B61C6111D879 /* Pods-LineageM2ExchangeTests.debug.xcconfig */,
				FBD0946545701B5B93573C03 /* Pods-LineageM2ExchangeTests.release.xcconfig */,
			);
			path = Pods;
			sourceTree = "<group>";
		};
/* End PBXGroup section */

/* Begin PBXNativeTarget section */
		BA379D55295ED27900FC1F28 /* LineageM2Exchange */ = {
			isa = PBXNativeTarget;
			buildConfigurationList = BA379D7F295ED27A00FC1F28 /* Build configuration list for PBXNativeTarget "LineageM2Exchange" */;
			buildPhases = (
				95A29BA0C64D118253AC33EE /* [CP] Check Pods Manifest.lock */,
				BA379D52295ED27900FC1F28 /* Sources */,
				BA379D53295ED27900FC1F28 /* Frameworks */,
				BA379D54295ED27900FC1F28 /* Resources */,
				BA31D4C45514DF0ECAEB6447 /* [CP] Embed Pods Frameworks */,
			);
			buildRules = (
			);
			dependencies = (
			);
			name = LineageM2Exchange;
			productName = LineageM2Exchange;
			productReference = BA379D56295ED27900FC1F28 /* LineageM2Exchange.app */;
			productType = "com.apple.product-type.application";
		};
		BA379D6A295ED27A00FC1F28 /* LineageM2ExchangeTests */ = {
			isa = PBXNativeTarget;
			buildConfigurationList = BA379D82295ED27A00FC1F28 /* Build configuration list for PBXNativeTarget "LineageM2ExchangeTests" */;
			buildPhases = (
				A72BB2C29AEA79DBB2771AB1 /* [CP] Check Pods Manifest.lock */,
				BA379D67295ED27A00FC1F28 /* Sources */,
				BA379D68295ED27A00FC1F28 /* Frameworks */,
				BA379D69295ED27A00FC1F28 /* Resources */,
			);
			buildRules = (
			);
			dependencies = (
				BA379D6D295ED27A00FC1F28 /* PBXTargetDependency */,
			);
			name = LineageM2ExchangeTests;
			productName = LineageM2ExchangeTests;
			productReference = BA379D6B295ED27A00FC1F28 /* LineageM2ExchangeTests.xctest */;
			productType = "com.apple.product-type.bundle.unit-test";
		};
		BA379D74295ED27A00FC1F28 /* LineageM2ExchangeUITests */ = {
			isa = PBXNativeTarget;
			buildConfigurationList = BA379D85295ED27A00FC1F28 /* Build configuration list for PBXNativeTarget "LineageM2ExchangeUITests" */;
			buildPhases = (
				9963910BE708EF919E56F74E /* [CP] Check Pods Manifest.lock */,
				BA379D71295ED27A00FC1F28 /* Sources */,
				BA379D72295ED27A00FC1F28 /* Frameworks */,
				BA379D73295ED27A00FC1F28 /* Resources */,
				F113A139120A4DB59B94ED71 /* [CP] Embed Pods Frameworks */,
			);
			buildRules = (
			);
			dependencies = (
				BA379D77295ED27A00FC1F28 /* PBXTargetDependency */,
			);
			name = LineageM2ExchangeUITests;
			productName = LineageM2ExchangeUITests;
			productReference = BA379D75295ED27A00FC1F28 /* LineageM2ExchangeUITests.xctest */;
			productType = "com.apple.product-type.bundle.ui-testing";
		};
/* End PBXNativeTarget section */

/* Begin PBXProject section */
		BA379D4E295ED27900FC1F28 /* Project object */ = {
			isa = PBXProject;
			attributes = {
				BuildIndependentTargetsInParallel = 1;
				LastSwiftUpdateCheck = 1410;
				LastUpgradeCheck = 1410;
				TargetAttributes = {
					BA379D55295ED27900FC1F28 = {
						CreatedOnToolsVersion = 14.1;
					};
					BA379D6A295ED27A00FC1F28 = {
						CreatedOnToolsVersion = 14.1;
						TestTargetID = BA379D55295ED27900FC1F28;
					};
					BA379D74295ED27A00FC1F28 = {
						CreatedOnToolsVersion = 14.1;
						TestTargetID = BA379D55295ED27900FC1F28;
					};
				};
			};
			buildConfigurationList = BA379D51295ED27900FC1F28 /* Build configuration list for PBXProject "LineageM2Exchange" */;
			compatibilityVersion = "Xcode 13.0";
			developmentRegion = en;
			hasScannedForEncodings = 0;
			knownRegions = (
				en,
				Base,
			);
			mainGroup = BA379D4D295ED27900FC1F28;
			productRefGroup = BA379D57295ED27900FC1F28 /* Products */;
			projectDirPath = "";
			projectRoot = "";
			targets = (
				BA379D55295ED27900FC1F28 /* LineageM2Exchange */,
				BA379D6A295ED27A00FC1F28 /* LineageM2ExchangeTests */,
				BA379D74295ED27A00FC1F28 /* LineageM2ExchangeUITests */,
			);
		};
/* End PBXProject section */

/* Begin PBXResourcesBuildPhase section */
		BA379D54295ED27900FC1F28 /* Resources */ = {
			isa = PBXResourcesBuildPhase;
			buildActionMask = 2147483647;
			files = (
				BA379D61295ED27A00FC1F28 /* Preview Assets.xcassets in Resources */,
				BA379D5E295ED27A00FC1F28 /* Assets.xcassets in Resources */,
			);
			runOnlyForDeploymentPostprocessing = 0;
		};
		BA379D69295ED27A00FC1F28 /* Resources */ = {
			isa = PBXResourcesBuildPhase;
			buildActionMask = 2147483647;
			files = (
			);
			runOnlyForDeploymentPostprocessing = 0;
		};
		BA379D73295ED27A00FC1F28 /* Resources */ = {
			isa = PBXResourcesBuildPhase;
			buildActionMask = 2147483647;
			files = (
			);
			runOnlyForDeploymentPostprocessing = 0;
		};
/* End PBXResourcesBuildPhase section */

/* Begin PBXShellScriptBuildPhase section */
		95A29BA0C64D118253AC33EE /* [CP] Check Pods Manifest.lock */ = {
			isa = PBXShellScriptBuildPhase;
			buildActionMask = 2147483647;
			files = (
			);
			inputFileListPaths = (
			);
			inputPaths = (
				"${PODS_PODFILE_DIR_PATH}/Podfile.lock",
				"${PODS_ROOT}/Manifest.lock",
			);
			name = "[CP] Check Pods Manifest.lock";
			outputFileListPaths = (
			);
			outputPaths = (
				"$(DERIVED_FILE_DIR)/Pods-LineageM2Exchange-checkManifestLockResult.txt",
			);
			runOnlyForDeploymentPostprocessing = 0;
			shellPath = /bin/sh;
			shellScript = "diff \"${PODS_PODFILE_DIR_PATH}/Podfile.lock\" \"${PODS_ROOT}/Manifest.lock\" > /dev/null\nif [ $? != 0 ] ; then\n    # print error to STDERR\n    echo \"error: The sandbox is not in sync with the Podfile.lock. Run 'pod install' or update your CocoaPods installation.\" >&2\n    exit 1\nfi\n# This output is used by Xcode 'outputs' to avoid re-running this script phase.\necho \"SUCCESS\" > \"${SCRIPT_OUTPUT_FILE_0}\"\n";
			showEnvVarsInLog = 0;
		};
		9963910BE708EF919E56F74E /* [CP] Check Pods Manifest.lock */ = {
			isa = PBXShellScriptBuildPhase;
			buildActionMask = 2147483647;
			files = (
			);
			inputFileListPaths = (
			);
			inputPaths = (
				"${PODS_PODFILE_DIR_PATH}/Podfile.lock",
				"${PODS_ROOT}/Manifest.lock",
			);
			name = "[CP] Check Pods Manifest.lock";
			outputFileListPaths = (
			);
			outputPaths = (
				"$(DERIVED_FILE_DIR)/Pods-LineageM2Exchange-LineageM2ExchangeUITests-checkManifestLockResult.txt",
			);
			runOnlyForDeploymentPostprocessing = 0;
			shellPath = /bin/sh;
			shellScript = "diff \"${PODS_PODFILE_DIR_PATH}/Podfile.lock\" \"${PODS_ROOT}/Manifest.lock\" > /dev/null\nif [ $? != 0 ] ; then\n    # print error to STDERR\n    echo \"error: The sandbox is not in sync with the Podfile.lock. Run 'pod install' or update your CocoaPods installation.\" >&2\n    exit 1\nfi\n# This output is used by Xcode 'outputs' to avoid re-running this script phase.\necho \"SUCCESS\" > \"${SCRIPT_OUTPUT_FILE_0}\"\n";
			showEnvVarsInLog = 0;
		};
		A72BB2C29AEA79DBB2771AB1 /* [CP] Check Pods Manifest.lock */ = {
			isa = PBXShellScriptBuildPhase;
			buildActionMask = 2147483647;
			files = (
			);
			inputFileListPaths = (
			);
			inputPaths = (
				"${PODS_PODFILE_DIR_PATH}/Podfile.lock",
				"${PODS_ROOT}/Manifest.lock",
			);
			name = "[CP] Check Pods Manifest.lock";
			outputFileListPaths = (
			);
			outputPaths = (
				"$(DERIVED_FILE_DIR)/Pods-LineageM2ExchangeTests-checkManifestLockResult.txt",
			);
			runOnlyForDeploymentPostprocessing = 0;
			shellPath = /bin/sh;
			shellScript = "diff \"${PODS_PODFILE_DIR_PATH}/Podfile.lock\" \"${PODS_ROOT}/Manifest.lock\" > /dev/null\nif [ $? != 0 ] ; then\n    # print error to STDERR\n    echo \"error: The sandbox is not in sync with the Podfile.lock. Run 'pod install' or update your CocoaPods installation.\" >&2\n    exit 1\nfi\n# This output is used by Xcode 'outputs' to avoid re-running this script phase.\necho \"SUCCESS\" > \"${SCRIPT_OUTPUT_FILE_0}\"\n";
			showEnvVarsInLog = 0;
		};
		BA31D4C45514DF0ECAEB6447 /* [CP] Embed Pods Frameworks */ = {
			isa = PBXShellScriptBuildPhase;
			buildActionMask = 2147483647;
			files = (
			);
			inputFileListPaths = (
				"${PODS_ROOT}/Target Support Files/Pods-LineageM2Exchange/Pods-LineageM2Exchange-frameworks-${CONFIGURATION}-input-files.xcfilelist",
			);
			name = "[CP] Embed Pods Frameworks";
			outputFileListPaths = (
				"${PODS_ROOT}/Target Support Files/Pods-LineageM2Exchange/Pods-LineageM2Exchange-frameworks-${CONFIGURATION}-output-files.xcfilelist",
			);
			runOnlyForDeploymentPostprocessing = 0;
			shellPath = /bin/sh;
			shellScript = "\"${PODS_ROOT}/Target Support Files/Pods-LineageM2Exchange/Pods-LineageM2Exchange-frameworks.sh\"\n";
			showEnvVarsInLog = 0;
		};
		F113A139120A4DB59B94ED71 /* [CP] Embed Pods Frameworks */ = {
			isa = PBXShellScriptBuildPhase;
			buildActionMask = 2147483647;
			files = (
			);
			inputFileListPaths = (
				"${PODS_ROOT}/Target Support Files/Pods-LineageM2Exchange-LineageM2ExchangeUITests/Pods-LineageM2Exchange-LineageM2ExchangeUITests-frameworks-${CONFIGURATION}-input-files.xcfilelist",
			);
			name = "[CP] Embed Pods Frameworks";
			outputFileListPaths = (
				"${PODS_ROOT}/Target Support Files/Pods-LineageM2Exchange-LineageM2ExchangeUITests/Pods-LineageM2Exchange-LineageM2ExchangeUITests-frameworks-${CONFIGURATION}-output-files.xcfilelist",
			);
			runOnlyForDeploymentPostprocessing = 0;
			shellPath = /bin/sh;
			shellScript = "\"${PODS_ROOT}/Target Support Files/Pods-LineageM2Exchange-LineageM2ExchangeUITests/Pods-LineageM2Exchange-LineageM2ExchangeUITests-frameworks.sh\"\n";
			showEnvVarsInLog = 0;
		};
/* End PBXShellScriptBuildPhase section */

/* Begin PBXSourcesBuildPhase section */
		BA379D52295ED27900FC1F28 /* Sources */ = {
			isa = PBXSourcesBuildPhase;
			buildActionMask = 2147483647;
			files = (
				BA379DAF295F1BE700FC1F28 /* DisconnectedNetWorkView.swift in Sources */,
				BA379D63295ED27A00FC1F28 /* Persistence.swift in Sources */,
				BA379D96295ED48A00FC1F28 /* SearchServerItemValueStatisticsAPI.swift in Sources */,
				BA177C6F2979907600988613 /* MainItemSearchView.swift in Sources */,
				BA177C7B2979DEB500988613 /* SearchItemAPI(withEnchantLevel).swift in Sources */,
				BA379D66295ED27A00FC1F28 /* LineageM2Exchange.xcdatamodeld in Sources */,
				BA379DA0295ED49900FC1F28 /* SearchTextBoxView.swift in Sources */,
				BA379D5C295ED27900FC1F28 /* MainView.swift in Sources */,
				BA379D8C295ED47F00FC1F28 /* ColorExtension.swift in Sources */,
				BA379DA3295ED49900FC1F28 /* SearchView.swift in Sources */,
				BA177C762979B24800988613 /* WebView.swift in Sources */,
				BA379D95295ED48A00FC1F28 /* SearchItemAPI.swift in Sources */,
				BA379D9E295ED49900FC1F28 /* WorldItemStaticsView.swift in Sources */,
				BA379D97295ED48A00FC1F28 /* SearchWorldItemValueStatisticsAPI.swift in Sources */,
				BA177C752979B24800988613 /* WebViewViewModel.swift in Sources */,
				BA379DA1295ED49900FC1F28 /* ServerItemStaticsView.swift in Sources */,
				BA379DAD295F1A1700FC1F28 /* NetWorkCheck.swift in Sources */,
				BA177C7D2979E47D00988613 /* BookmarkCellView.swift in Sources */,
				BA177C792979C89500988613 /* MainBookMarkView.swift in Sources */,
				BA379D5A295ED27900FC1F28 /* LineageM2ExchangeApp.swift in Sources */,
				BA379D9F295ED49900FC1F28 /* ItemView.swift in Sources */,
				BA379D89295ED47400FC1F28 /* AppData.swift in Sources */,
				BA379D93295ED48A00FC1F28 /* SearchItemInfoAPI.swift in Sources */,
				BA379DA6295ED56E00FC1F28 /* AdmobBanner.swift in Sources */,
				BA7944A229700F1600D8B8CA /* AppDelegate.swift in Sources */,
				BA379D94295ED48A00FC1F28 /* SearchServerAPI.swift in Sources */,
				BA379DA2295ED49900FC1F28 /* SearchItemView.swift in Sources */,
			);
			runOnlyForDeploymentPostprocessing = 0;
		};
		BA379D67295ED27A00FC1F28 /* Sources */ = {
			isa = PBXSourcesBuildPhase;
			buildActionMask = 2147483647;
			files = (
				BA379D70295ED27A00FC1F28 /* LineageM2ExchangeTests.swift in Sources */,
			);
			runOnlyForDeploymentPostprocessing = 0;
		};
		BA379D71295ED27A00FC1F28 /* Sources */ = {
			isa = PBXSourcesBuildPhase;
			buildActionMask = 2147483647;
			files = (
				BA379D7C295ED27A00FC1F28 /* LineageM2ExchangeUITestsLaunchTests.swift in Sources */,
				BA379D7A295ED27A00FC1F28 /* LineageM2ExchangeUITests.swift in Sources */,
			);
			runOnlyForDeploymentPostprocessing = 0;
		};
/* End PBXSourcesBuildPhase section */

/* Begin PBXTargetDependency section */
		BA379D6D295ED27A00FC1F28 /* PBXTargetDependency */ = {
			isa = PBXTargetDependency;
			target = BA379D55295ED27900FC1F28 /* LineageM2Exchange */;
			targetProxy = BA379D6C295ED27A00FC1F28 /* PBXContainerItemProxy */;
		};
		BA379D77295ED27A00FC1F28 /* PBXTargetDependency */ = {
			isa = PBXTargetDependency;
			target = BA379D55295ED27900FC1F28 /* LineageM2Exchange */;
			targetProxy = BA379D76295ED27A00FC1F28 /* PBXContainerItemProxy */;
		};
/* End PBXTargetDependency section */

/* Begin XCBuildConfiguration section */
		BA379D7D295ED27A00FC1F28 /* Debug */ = {
			isa = XCBuildConfiguration;
			baseConfigurationReference = BA1DE74C2A11AA3900D823F4 /* Config.xcconfig */;
			buildSettings = {
				ALWAYS_SEARCH_USER_PATHS = NO;
				CLANG_ANALYZER_NONNULL = YES;
				CLANG_ANALYZER_NUMBER_OBJECT_CONVERSION = YES_AGGRESSIVE;
				CLANG_CXX_LANGUAGE_STANDARD = "gnu++20";
				CLANG_ENABLE_MODULES = YES;
				CLANG_ENABLE_OBJC_ARC = YES;
				CLANG_ENABLE_OBJC_WEAK = YES;
				CLANG_WARN_BLOCK_CAPTURE_AUTORELEASING = YES;
				CLANG_WARN_BOOL_CONVERSION = YES;
				CLANG_WARN_COMMA = YES;
				CLANG_WARN_CONSTANT_CONVERSION = YES;
				CLANG_WARN_DEPRECATED_OBJC_IMPLEMENTATIONS = YES;
				CLANG_WARN_DIRECT_OBJC_ISA_USAGE = YES_ERROR;
				CLANG_WARN_DOCUMENTATION_COMMENTS = YES;
				CLANG_WARN_EMPTY_BODY = YES;
				CLANG_WARN_ENUM_CONVERSION = YES;
				CLANG_WARN_INFINITE_RECURSION = YES;
				CLANG_WARN_INT_CONVERSION = YES;
				CLANG_WARN_NON_LITERAL_NULL_CONVERSION = YES;
				CLANG_WARN_OBJC_IMPLICIT_RETAIN_SELF = YES;
				CLANG_WARN_OBJC_LITERAL_CONVERSION = YES;
				CLANG_WARN_OBJC_ROOT_CLASS = YES_ERROR;
				CLANG_WARN_QUOTED_INCLUDE_IN_FRAMEWORK_HEADER = YES;
				CLANG_WARN_RANGE_LOOP_ANALYSIS = YES;
				CLANG_WARN_STRICT_PROTOTYPES = YES;
				CLANG_WARN_SUSPICIOUS_MOVE = YES;
				CLANG_WARN_UNGUARDED_AVAILABILITY = YES_AGGRESSIVE;
				CLANG_WARN_UNREACHABLE_CODE = YES;
				CLANG_WARN__DUPLICATE_METHOD_MATCH = YES;
				COPY_PHASE_STRIP = NO;
				DEBUG_INFORMATION_FORMAT = dwarf;
				ENABLE_STRICT_OBJC_MSGSEND = YES;
				ENABLE_TESTABILITY = YES;
				GCC_C_LANGUAGE_STANDARD = gnu11;
				GCC_DYNAMIC_NO_PIC = NO;
				GCC_NO_COMMON_BLOCKS = YES;
				GCC_OPTIMIZATION_LEVEL = 0;
				GCC_PREPROCESSOR_DEFINITIONS = (
					"DEBUG=1",
					"$(inherited)",
				);
				GCC_WARN_64_TO_32_BIT_CONVERSION = YES;
				GCC_WARN_ABOUT_RETURN_TYPE = YES_ERROR;
				GCC_WARN_UNDECLARED_SELECTOR = YES;
				GCC_WARN_UNINITIALIZED_AUTOS = YES_AGGRESSIVE;
				GCC_WARN_UNUSED_FUNCTION = YES;
				GCC_WARN_UNUSED_VARIABLE = YES;
				"INFOPLIST_KEY_CFBundleDisplayName[sdk=*]" = "리니지2M 거래소 검색";
				IPHONEOS_DEPLOYMENT_TARGET = 15.1;
				MTL_ENABLE_DEBUG_INFO = INCLUDE_SOURCE;
				MTL_FAST_MATH = YES;
				ONLY_ACTIVE_ARCH = YES;
				SDKROOT = iphoneos;
				SWIFT_ACTIVE_COMPILATION_CONDITIONS = DEBUG;
				SWIFT_OPTIMIZATION_LEVEL = "-Onone";
			};
			name = Debug;
		};
		BA379D7E295ED27A00FC1F28 /* Release */ = {
			isa = XCBuildConfiguration;
			baseConfigurationReference = BA1DE74C2A11AA3900D823F4 /* Config.xcconfig */;
			buildSettings = {
				ALWAYS_SEARCH_USER_PATHS = NO;
				CLANG_ANALYZER_NONNULL = YES;
				CLANG_ANALYZER_NUMBER_OBJECT_CONVERSION = YES_AGGRESSIVE;
				CLANG_CXX_LANGUAGE_STANDARD = "gnu++20";
				CLANG_ENABLE_MODULES = YES;
				CLANG_ENABLE_OBJC_ARC = YES;
				CLANG_ENABLE_OBJC_WEAK = YES;
				CLANG_WARN_BLOCK_CAPTURE_AUTORELEASING = YES;
				CLANG_WARN_BOOL_CONVERSION = YES;
				CLANG_WARN_COMMA = YES;
				CLANG_WARN_CONSTANT_CONVERSION = YES;
				CLANG_WARN_DEPRECATED_OBJC_IMPLEMENTATIONS = YES;
				CLANG_WARN_DIRECT_OBJC_ISA_USAGE = YES_ERROR;
				CLANG_WARN_DOCUMENTATION_COMMENTS = YES;
				CLANG_WARN_EMPTY_BODY = YES;
				CLANG_WARN_ENUM_CONVERSION = YES;
				CLANG_WARN_INFINITE_RECURSION = YES;
				CLANG_WARN_INT_CONVERSION = YES;
				CLANG_WARN_NON_LITERAL_NULL_CONVERSION = YES;
				CLANG_WARN_OBJC_IMPLICIT_RETAIN_SELF = YES;
				CLANG_WARN_OBJC_LITERAL_CONVERSION = YES;
				CLANG_WARN_OBJC_ROOT_CLASS = YES_ERROR;
				CLANG_WARN_QUOTED_INCLUDE_IN_FRAMEWORK_HEADER = YES;
				CLANG_WARN_RANGE_LOOP_ANALYSIS = YES;
				CLANG_WARN_STRICT_PROTOTYPES = YES;
				CLANG_WARN_SUSPICIOUS_MOVE = YES;
				CLANG_WARN_UNGUARDED_AVAILABILITY = YES_AGGRESSIVE;
				CLANG_WARN_UNREACHABLE_CODE = YES;
				CLANG_WARN__DUPLICATE_METHOD_MATCH = YES;
				COPY_PHASE_STRIP = NO;
				DEBUG_INFORMATION_FORMAT = "dwarf-with-dsym";
				ENABLE_NS_ASSERTIONS = NO;
				ENABLE_STRICT_OBJC_MSGSEND = YES;
				GCC_C_LANGUAGE_STANDARD = gnu11;
				GCC_NO_COMMON_BLOCKS = YES;
				GCC_WARN_64_TO_32_BIT_CONVERSION = YES;
				GCC_WARN_ABOUT_RETURN_TYPE = YES_ERROR;
				GCC_WARN_UNDECLARED_SELECTOR = YES;
				GCC_WARN_UNINITIALIZED_AUTOS = YES_AGGRESSIVE;
				GCC_WARN_UNUSED_FUNCTION = YES;
				GCC_WARN_UNUSED_VARIABLE = YES;
				"INFOPLIST_KEY_CFBundleDisplayName[sdk=*]" = "리니지2M 거래소 검색";
				IPHONEOS_DEPLOYMENT_TARGET = 15.1;
				MTL_ENABLE_DEBUG_INFO = NO;
				MTL_FAST_MATH = YES;
				SDKROOT = iphoneos;
				SWIFT_COMPILATION_MODE = wholemodule;
				SWIFT_OPTIMIZATION_LEVEL = "-O";
				VALIDATE_PRODUCT = YES;
			};
			name = Release;
		};
		BA379D80295ED27A00FC1F28 /* Debug */ = {
			isa = XCBuildConfiguration;
			baseConfigurationReference = ADB222CEFA57D6143F82E0C8 /* Pods-LineageM2Exchange.debug.xcconfig */;
			buildSettings = {
				ASSETCATALOG_COMPILER_APPICON_NAME = AppIcon;
				ASSETCATALOG_COMPILER_GLOBAL_ACCENT_COLOR_NAME = AccentColor;
				CODE_SIGN_STYLE = Automatic;
				CURRENT_PROJECT_VERSION = 1;
				DEVELOPMENT_ASSET_PATHS = "\"LineageM2Exchange/Preview Content\"";
				DEVELOPMENT_TEAM = VYAAXRZFXH;
				ENABLE_PREVIEWS = YES;
				GENERATE_INFOPLIST_FILE = YES;
				INFOPLIST_FILE = LineageM2Exchange/Info.plist;
				INFOPLIST_KEY_CFBundleDisplayName = "리니지2M 거래소 검색";
				INFOPLIST_KEY_NSUserTrackingUsageDescription = "This identifier will be used to deliver personalized ads to you.";
				INFOPLIST_KEY_UIApplicationSceneManifest_Generation = YES;
				INFOPLIST_KEY_UIApplicationSupportsIndirectInputEvents = YES;
				INFOPLIST_KEY_UILaunchScreen_Generation = YES;
				INFOPLIST_KEY_UISupportedInterfaceOrientations_iPad = "UIInterfaceOrientationPortrait UIInterfaceOrientationPortraitUpsideDown UIInterfaceOrientationLandscapeLeft UIInterfaceOrientationLandscapeRight";
				INFOPLIST_KEY_UISupportedInterfaceOrientations_iPhone = UIInterfaceOrientationPortrait;
				INFOPLIST_KEY_UIUserInterfaceStyle = Dark;
				LD_RUNPATH_SEARCH_PATHS = (
					"$(inherited)",
					"@executable_path/Frameworks",
				);
				MARKETING_VERSION = 1.0.1;
				PRODUCT_BUNDLE_IDENTIFIER = com.badger.LineageM2Exchange;
				PRODUCT_NAME = "$(TARGET_NAME)";
				SUPPORTED_PLATFORMS = "iphoneos iphonesimulator";
				SUPPORTS_MACCATALYST = NO;
				SUPPORTS_MAC_DESIGNED_FOR_IPHONE_IPAD = YES;
				SWIFT_EMIT_LOC_STRINGS = YES;
				SWIFT_VERSION = 5.0;
				TARGETED_DEVICE_FAMILY = "1,2";
			};
			name = Debug;
		};
		BA379D81295ED27A00FC1F28 /* Release */ = {
			isa = XCBuildConfiguration;
			baseConfigurationReference = 36E33454851580D8861F593E /* Pods-LineageM2Exchange.release.xcconfig */;
			buildSettings = {
				ASSETCATALOG_COMPILER_APPICON_NAME = AppIcon;
				ASSETCATALOG_COMPILER_GLOBAL_ACCENT_COLOR_NAME = AccentColor;
				CODE_SIGN_STYLE = Automatic;
				CURRENT_PROJECT_VERSION = 1;
				DEVELOPMENT_ASSET_PATHS = "\"LineageM2Exchange/Preview Content\"";
				DEVELOPMENT_TEAM = VYAAXRZFXH;
				ENABLE_PREVIEWS = YES;
				GENERATE_INFOPLIST_FILE = YES;
				INFOPLIST_FILE = LineageM2Exchange/Info.plist;
				INFOPLIST_KEY_CFBundleDisplayName = "리니지2M 거래소 검색";
				INFOPLIST_KEY_NSUserTrackingUsageDescription = "This identifier will be used to deliver personalized ads to you.";
				INFOPLIST_KEY_UIApplicationSceneManifest_Generation = YES;
				INFOPLIST_KEY_UIApplicationSupportsIndirectInputEvents = YES;
				INFOPLIST_KEY_UILaunchScreen_Generation = YES;
				INFOPLIST_KEY_UISupportedInterfaceOrientations_iPad = "UIInterfaceOrientationPortrait UIInterfaceOrientationPortraitUpsideDown UIInterfaceOrientationLandscapeLeft UIInterfaceOrientationLandscapeRight";
				INFOPLIST_KEY_UISupportedInterfaceOrientations_iPhone = UIInterfaceOrientationPortrait;
				INFOPLIST_KEY_UIUserInterfaceStyle = Dark;
				LD_RUNPATH_SEARCH_PATHS = (
					"$(inherited)",
					"@executable_path/Frameworks",
				);
				MARKETING_VERSION = 1.0.1;
				PRODUCT_BUNDLE_IDENTIFIER = com.badger.LineageM2Exchange;
				PRODUCT_NAME = "$(TARGET_NAME)";
				SUPPORTED_PLATFORMS = "iphoneos iphonesimulator";
				SUPPORTS_MACCATALYST = NO;
				SUPPORTS_MAC_DESIGNED_FOR_IPHONE_IPAD = YES;
				SWIFT_EMIT_LOC_STRINGS = YES;
				SWIFT_VERSION = 5.0;
				TARGETED_DEVICE_FAMILY = "1,2";
			};
			name = Release;
		};
		BA379D83295ED27A00FC1F28 /* Debug */ = {
			isa = XCBuildConfiguration;
			baseConfigurationReference = 668B45C4F792B61C6111D879 /* Pods-LineageM2ExchangeTests.debug.xcconfig */;
			buildSettings = {
				ALWAYS_EMBED_SWIFT_STANDARD_LIBRARIES = YES;
				BUNDLE_LOADER = "$(TEST_HOST)";
				CODE_SIGN_STYLE = Automatic;
				CURRENT_PROJECT_VERSION = 1;
				DEVELOPMENT_TEAM = VYAAXRZFXH;
				GENERATE_INFOPLIST_FILE = YES;
				IPHONEOS_DEPLOYMENT_TARGET = 16.1;
				MARKETING_VERSION = 1.0;
				PRODUCT_BUNDLE_IDENTIFIER = com.badger.LineageM2ExchangeTests;
				PRODUCT_NAME = "$(TARGET_NAME)";
				SWIFT_EMIT_LOC_STRINGS = NO;
				SWIFT_VERSION = 5.0;
				TARGETED_DEVICE_FAMILY = "1,2";
				TEST_HOST = "$(BUILT_PRODUCTS_DIR)/LineageM2Exchange.app/$(BUNDLE_EXECUTABLE_FOLDER_PATH)/LineageM2Exchange";
			};
			name = Debug;
		};
		BA379D84295ED27A00FC1F28 /* Release */ = {
			isa = XCBuildConfiguration;
			baseConfigurationReference = FBD0946545701B5B93573C03 /* Pods-LineageM2ExchangeTests.release.xcconfig */;
			buildSettings = {
				ALWAYS_EMBED_SWIFT_STANDARD_LIBRARIES = YES;
				BUNDLE_LOADER = "$(TEST_HOST)";
				CODE_SIGN_STYLE = Automatic;
				CURRENT_PROJECT_VERSION = 1;
				DEVELOPMENT_TEAM = VYAAXRZFXH;
				GENERATE_INFOPLIST_FILE = YES;
				IPHONEOS_DEPLOYMENT_TARGET = 16.1;
				MARKETING_VERSION = 1.0;
				PRODUCT_BUNDLE_IDENTIFIER = com.badger.LineageM2ExchangeTests;
				PRODUCT_NAME = "$(TARGET_NAME)";
				SWIFT_EMIT_LOC_STRINGS = NO;
				SWIFT_VERSION = 5.0;
				TARGETED_DEVICE_FAMILY = "1,2";
				TEST_HOST = "$(BUILT_PRODUCTS_DIR)/LineageM2Exchange.app/$(BUNDLE_EXECUTABLE_FOLDER_PATH)/LineageM2Exchange";
			};
			name = Release;
		};
		BA379D86295ED27A00FC1F28 /* Debug */ = {
			isa = XCBuildConfiguration;
			baseConfigurationReference = D54637F0CB4D9640B5F4237B /* Pods-LineageM2Exchange-LineageM2ExchangeUITests.debug.xcconfig */;
			buildSettings = {
				ALWAYS_EMBED_SWIFT_STANDARD_LIBRARIES = YES;
				CODE_SIGN_STYLE = Automatic;
				CURRENT_PROJECT_VERSION = 1;
				DEVELOPMENT_TEAM = VYAAXRZFXH;
				GENERATE_INFOPLIST_FILE = YES;
				MARKETING_VERSION = 1.0;
				PRODUCT_BUNDLE_IDENTIFIER = com.badger.LineageM2ExchangeUITests;
				PRODUCT_NAME = "$(TARGET_NAME)";
				SWIFT_EMIT_LOC_STRINGS = NO;
				SWIFT_VERSION = 5.0;
				TARGETED_DEVICE_FAMILY = "1,2";
				TEST_TARGET_NAME = LineageM2Exchange;
			};
			name = Debug;
		};
		BA379D87295ED27A00FC1F28 /* Release */ = {
			isa = XCBuildConfiguration;
			baseConfigurationReference = 5E1A23A050C7F0D07DF1B185 /* Pods-LineageM2Exchange-LineageM2ExchangeUITests.release.xcconfig */;
			buildSettings = {
				ALWAYS_EMBED_SWIFT_STANDARD_LIBRARIES = YES;
				CODE_SIGN_STYLE = Automatic;
				CURRENT_PROJECT_VERSION = 1;
				DEVELOPMENT_TEAM = VYAAXRZFXH;
				GENERATE_INFOPLIST_FILE = YES;
				MARKETING_VERSION = 1.0;
				PRODUCT_BUNDLE_IDENTIFIER = com.badger.LineageM2ExchangeUITests;
				PRODUCT_NAME = "$(TARGET_NAME)";
				SWIFT_EMIT_LOC_STRINGS = NO;
				SWIFT_VERSION = 5.0;
				TARGETED_DEVICE_FAMILY = "1,2";
				TEST_TARGET_NAME = LineageM2Exchange;
			};
			name = Release;
		};
/* End XCBuildConfiguration section */

/* Begin XCConfigurationList section */
		BA379D51295ED27900FC1F28 /* Build configuration list for PBXProject "LineageM2Exchange" */ = {
			isa = XCConfigurationList;
			buildConfigurations = (
				BA379D7D295ED27A00FC1F28 /* Debug */,
				BA379D7E295ED27A00FC1F28 /* Release */,
			);
			defaultConfigurationIsVisible = 0;
			defaultConfigurationName = Release;
		};
		BA379D7F295ED27A00FC1F28 /* Build configuration list for PBXNativeTarget "LineageM2Exchange" */ = {
			isa = XCConfigurationList;
			buildConfigurations = (
				BA379D80295ED27A00FC1F28 /* Debug */,
				BA379D81295ED27A00FC1F28 /* Release */,
			);
			defaultConfigurationIsVisible = 0;
			defaultConfigurationName = Release;
		};
		BA379D82295ED27A00FC1F28 /* Build configuration list for PBXNativeTarget "LineageM2ExchangeTests" */ = {
			isa = XCConfigurationList;
			buildConfigurations = (
				BA379D83295ED27A00FC1F28 /* Debug */,
				BA379D84295ED27A00FC1F28 /* Release */,
			);
			defaultConfigurationIsVisible = 0;
			defaultConfigurationName = Release;
		};
		BA379D85295ED27A00FC1F28 /* Build configuration list for PBXNativeTarget "LineageM2ExchangeUITests" */ = {
			isa = XCConfigurationList;
			buildConfigurations = (
				BA379D86295ED27A00FC1F28 /* Debug */,
				BA379D87295ED27A00FC1F28 /* Release */,
			);
			defaultConfigurationIsVisible = 0;
			defaultConfigurationName = Release;
		};
/* End XCConfigurationList section */

/* Begin XCVersionGroup section */
		BA379D64295ED27A00FC1F28 /* LineageM2Exchange.xcdatamodeld */ = {
			isa = XCVersionGroup;
			children = (
				BA379D65295ED27A00FC1F28 /* LineageM2Exchange.xcdatamodel */,
			);
			currentVersion = BA379D65295ED27A00FC1F28 /* LineageM2Exchange.xcdatamodel */;
			path = LineageM2Exchange.xcdatamodeld;
			sourceTree = "<group>";
			versionGroupType = wrapper.xcdatamodel;
		};
/* End XCVersionGroup section */
	};
	rootObject = BA379D4E295ED27900FC1F28 /* Project object */;
}
